
Microsoft Visual Studio Solution File, Format Version 12.00
# Visual Studio Version 17
Project("{8BC9CEB8-8B4A-11D0-8D11-00A0C91BC942}") = "ALL_BUILD", "ALL_BUILD.vcxproj", "{54523B11-4D34-371F-970D-20C10B24DC09}"
	ProjectSection(ProjectDependencies) = postProject
		{BF247455-43DB-355F-B87B-A2DA00DCB879} = {BF247455-43DB-355F-B87B-A2DA00DCB879}
		{D52B9322-4FCC-3DFA-976E-5B91F60B8CED} = {D52B9322-4FCC-3DFA-976E-5B91F60B8CED}
		{D2684E72-BF44-3462-A292-21CA2576CCA9} = {D2684E72-BF44-3462-A292-21CA2576CCA9}
	EndProjectSection
EndProject
Project("{8BC9CEB8-8B4A-11D0-8D11-00A0C91BC942}") = "ZERO_CHECK", "ZERO_CHECK.vcxproj", "{BF247455-43DB-355F-B87B-A2DA00DCB879}"
	ProjectSection(ProjectDependencies) = postProject
	EndProjectSection
EndProject
Project("{8BC9CEB8-8B4A-11D0-8D11-00A0C91BC942}") = "bs2_default", "pico-sdk\src\rp2_common\boot_stage2\bs2_default.vcxproj", "{D52B9322-4FCC-3DFA-976E-5B91F60B8CED}"
	ProjectSection(ProjectDependencies) = postProject
		{BF247455-43DB-355F-B87B-A2DA00DCB879} = {BF247455-43DB-355F-B87B-A2DA00DCB879}
	EndProjectSection
EndProject
Project("{8BC9CEB8-8B4A-11D0-8D11-00A0C91BC942}") = "bs2_default_bin", "pico-sdk\src\rp2_common\boot_stage2\bs2_default_bin.vcxproj", "{B43DDA75-8062-3633-A5E3-745799DEC436}"
	ProjectSection(ProjectDependencies) = postProject
		{BF247455-43DB-355F-B87B-A2DA00DCB879} = {BF247455-43DB-355F-B87B-A2DA00DCB879}
		{D52B9322-4FCC-3DFA-976E-5B91F60B8CED} = {D52B9322-4FCC-3DFA-976E-5B91F60B8CED}
	EndProjectSection
EndProject
Project("{8BC9CEB8-8B4A-11D0-8D11-00A0C91BC942}") = "bs2_default_padded_checksummed_asm", "pico-sdk\src\rp2_common\boot_stage2\bs2_default_padded_checksummed_asm.vcxproj", "{524ED7FC-C6B1-3F4A-99F1-D452AB63F970}"
	ProjectSection(ProjectDependencies) = postProject
		{BF247455-43DB-355F-B87B-A2DA00DCB879} = {BF247455-43DB-355F-B87B-A2DA00DCB879}
		{D52B9322-4FCC-3DFA-976E-5B91F60B8CED} = {D52B9322-4FCC-3DFA-976E-5B91F60B8CED}
	EndProjectSection
EndProject
Project("{8BC9CEB8-8B4A-11D0-8D11-00A0C91BC942}") = "cyw43_driver_picow_cyw43_bus_pio_spi_pio_h", "pico-sdk\src\rp2_common\pico_cyw43_driver\cyw43_driver_picow_cyw43_bus_pio_spi_pio_h.vcxproj", "{07F07DAC-C3F7-3D99-B9EC-7B0245AA35FB}"
	ProjectSection(ProjectDependencies) = postProject
		{BF247455-43DB-355F-B87B-A2DA00DCB879} = {BF247455-43DB-355F-B87B-A2DA00DCB879}
	EndProjectSection
EndProject
Project("{8BC9CEB8-8B4A-11D0-8D11-00A0C91BC942}") = "main", "main\main.vcxproj", "{D2684E72-BF44-3462-A292-21CA2576CCA9}"
	ProjectSection(ProjectDependencies) = postProject
		{BF247455-43DB-355F-B87B-A2DA00DCB879} = {BF247455-43DB-355F-B87B-A2DA00DCB879}
		{524ED7FC-C6B1-3F4A-99F1-D452AB63F970} = {524ED7FC-C6B1-3F4A-99F1-D452AB63F970}
	EndProjectSection
EndProject
Global
	GlobalSection(SolutionConfigurationPlatforms) = preSolution
		Debug|x64 = Debug|x64
		Release|x64 = Release|x64
		MinSizeRel|x64 = MinSizeRel|x64
		RelWithDebInfo|x64 = RelWithDebInfo|x64
	EndGlobalSection
	GlobalSection(ProjectConfigurationPlatforms) = postSolution
		{54523B11-4D34-371F-970D-20C10B24DC09}.Debug|x64.ActiveCfg = Debug|x64
		{54523B11-4D34-371F-970D-20C10B24DC09}.Release|x64.ActiveCfg = Release|x64
		{54523B11-4D34-371F-970D-20C10B24DC09}.MinSizeRel|x64.ActiveCfg = MinSizeRel|x64
		{54523B11-4D34-371F-970D-20C10B24DC09}.RelWithDebInfo|x64.ActiveCfg = RelWithDebInfo|x64
		{BF247455-43DB-355F-B87B-A2DA00DCB879}.Debug|x64.ActiveCfg = Debug|x64
		{BF247455-43DB-355F-B87B-A2DA00DCB879}.Debug|x64.Build.0 = Debug|x64
		{BF247455-43DB-355F-B87B-A2DA00DCB879}.Release|x64.ActiveCfg = Release|x64
		{BF247455-43DB-355F-B87B-A2DA00DCB879}.Release|x64.Build.0 = Release|x64
		{BF247455-43DB-355F-B87B-A2DA00DCB879}.MinSizeRel|x64.ActiveCfg = MinSizeRel|x64
		{BF247455-43DB-355F-B87B-A2DA00DCB879}.MinSizeRel|x64.Build.0 = MinSizeRel|x64
		{BF247455-43DB-355F-B87B-A2DA00DCB879}.RelWithDebInfo|x64.ActiveCfg = RelWithDebInfo|x64
		{BF247455-43DB-355F-B87B-A2DA00DCB879}.RelWithDebInfo|x64.Build.0 = RelWithDebInfo|x64
		{D52B9322-4FCC-3DFA-976E-5B91F60B8CED}.Debug|x64.ActiveCfg = Debug|x64
		{D52B9322-4FCC-3DFA-976E-5B91F60B8CED}.Debug|x64.Build.0 = Debug|x64
		{D52B9322-4FCC-3DFA-976E-5B91F60B8CED}.Release|x64.ActiveCfg = Release|x64
		{D52B9322-4FCC-3DFA-976E-5B91F60B8CED}.Release|x64.Build.0 = Release|x64
		{D52B9322-4FCC-3DFA-976E-5B91F60B8CED}.MinSizeRel|x64.ActiveCfg = MinSizeRel|x64
		{D52B9322-4FCC-3DFA-976E-5B91F60B8CED}.MinSizeRel|x64.Build.0 = MinSizeRel|x64
		{D52B9322-4FCC-3DFA-976E-5B91F60B8CED}.RelWithDebInfo|x64.ActiveCfg = RelWithDebInfo|x64
		{D52B9322-4FCC-3DFA-976E-5B91F60B8CED}.RelWithDebInfo|x64.Build.0 = RelWithDebInfo|x64
		{B43DDA75-8062-3633-A5E3-745799DEC436}.Debug|x64.ActiveCfg = Debug|x64
		{B43DDA75-8062-3633-A5E3-745799DEC436}.Release|x64.ActiveCfg = Release|x64
		{B43DDA75-8062-3633-A5E3-745799DEC436}.MinSizeRel|x64.ActiveCfg = MinSizeRel|x64
		{B43DDA75-8062-3633-A5E3-745799DEC436}.RelWithDebInfo|x64.ActiveCfg = RelWithDebInfo|x64
		{524ED7FC-C6B1-3F4A-99F1-D452AB63F970}.Debug|x64.ActiveCfg = Debug|x64
		{524ED7FC-C6B1-3F4A-99F1-D452AB63F970}.Debug|x64.Build.0 = Debug|x64
		{524ED7FC-C6B1-3F4A-99F1-D452AB63F970}.Release|x64.ActiveCfg = Release|x64
		{524ED7FC-C6B1-3F4A-99F1-D452AB63F970}.Release|x64.Build.0 = Release|x64
		{524ED7FC-C6B1-3F4A-99F1-D452AB63F970}.MinSizeRel|x64.ActiveCfg = MinSizeRel|x64
		{524ED7FC-C6B1-3F4A-99F1-D452AB63F970}.MinSizeRel|x64.Build.0 = MinSizeRel|x64
		{524ED7FC-C6B1-3F4A-99F1-D452AB63F970}.RelWithDebInfo|x64.ActiveCfg = RelWithDebInfo|x64
		{524ED7FC-C6B1-3F4A-99F1-D452AB63F970}.RelWithDebInfo|x64.Build.0 = RelWithDebInfo|x64
		{07F07DAC-C3F7-3D99-B9EC-7B0245AA35FB}.Debug|x64.ActiveCfg = Debug|x64
		{07F07DAC-C3F7-3D99-B9EC-7B0245AA35FB}.Release|x64.ActiveCfg = Release|x64
		{07F07DAC-C3F7-3D99-B9EC-7B0245AA35FB}.MinSizeRel|x64.ActiveCfg = MinSizeRel|x64
		{07F07DAC-C3F7-3D99-B9EC-7B0245AA35FB}.RelWithDebInfo|x64.ActiveCfg = RelWithDebInfo|x64
		{D2684E72-BF44-3462-A292-21CA2576CCA9}.Debug|x64.ActiveCfg = Debug|x64
		{D2684E72-BF44-3462-A292-21CA2576CCA9}.Debug|x64.Build.0 = Debug|x64
		{D2684E72-BF44-3462-A292-21CA2576CCA9}.Release|x64.ActiveCfg = Release|x64
		{D2684E72-BF44-3462-A292-21CA2576CCA9}.Release|x64.Build.0 = Release|x64
		{D2684E72-BF44-3462-A292-21CA2576CCA9}.MinSizeRel|x64.ActiveCfg = MinSizeRel|x64
		{D2684E72-BF44-3462-A292-21CA2576CCA9}.MinSizeRel|x64.Build.0 = MinSizeRel|x64
		{D2684E72-BF44-3462-A292-21CA2576CCA9}.RelWithDebInfo|x64.ActiveCfg = RelWithDebInfo|x64
		{D2684E72-BF44-3462-A292-21CA2576CCA9}.RelWithDebInfo|x64.Build.0 = RelWithDebInfo|x64
	EndGlobalSection
	GlobalSection(ExtensibilityGlobals) = postSolution
		SolutionGuid = {ADE83E68-72CB-31CA-8B9C-EABF7D6D9EF9}
	EndGlobalSection
	GlobalSection(ExtensibilityAddIns) = postSolution
	EndGlobalSection
EndGlobal
